
Microsoft Visual Studio Solution File, Format Version 12.00
# Visual Studio Version 17
VisualStudioVersion = 17.1.32319.34
MinimumVisualStudioVersion = 10.0.40219.1
Project("{FAE04EC0-301F-11D3-BF4B-00C04F79EFBC}") = "Cashier Project", "Cashier Project.csproj", "{31A412B7-1C84-4AC5-8B59-817B523BC2ED}"
EndProject
Global
	GlobalSection(SolutionConfigurationPlatforms) = preSolution
		Debug|Any CPU = Debug|Any CPU
		Release|Any CPU = Release|Any CPU
	EndGlobalSection
	GlobalSection(ProjectConfigurationPlatforms) = postSolution
		{31A412B7-1C84-4AC5-8B59-817B523BC2ED}.Debug|Any CPU.ActiveCfg = Debug|Any CPU
		{31A412B7-1C84-4AC5-8B59-817B523BC2ED}.Debug|Any CPU.Build.0 = Debug|Any CPU
		{31A412B7-1C84-4AC5-8B59-817B523BC2ED}.Release|Any CPU.ActiveCfg = Release|Any CPU
		{31A412B7-1C84-4AC5-8B59-817B523BC2ED}.Release|Any CPU.Build.0 = Release|Any CPU
	EndGlobalSection
	GlobalSection(SolutionProperties) = preSolution
		HideSolutionNode = FALSE
	EndGlobalSection
	GlobalSection(ExtensibilityGlobals) = postSolution
		SolutionGuid = {D261CDB3-F534-4812-BEDA-1011575BEBD0}
	EndGlobalSection
EndGlobal
